
Microsoft Visual Studio Solution File, Format Version 12.00
# Visual Studio 2012
Project("{2150E333-8FDC-42A3-9474-1A3956D46DE8}") = ".nuget", ".nuget", "{49659990-B20A-4694-846A-E29680C10A5F}"
	ProjectSection(SolutionItems) = preProject
		.nuget\NuGet.Config = .nuget\NuGet.Config
		.nuget\NuGet.exe = .nuget\NuGet.exe
		.nuget\NuGet.targets = .nuget\NuGet.targets
	EndProjectSection
EndProject
Project("{FAE04EC0-301F-11D3-BF4B-00C04F79EFBC}") = "Gva.Database", "Gva.Database\Gva.Database.csproj", "{6B3A2E0F-ED05-49A0-939A-BF5FAE11B160}"
EndProject
Project("{FAE04EC0-301F-11D3-BF4B-00C04F79EFBC}") = "Docs.Database", "Docs.Database\Docs.Database.csproj", "{3414421C-5290-4D7A-A4D1-6AC0CB817A9A}"
EndProject
Project("{FAE04EC0-301F-11D3-BF4B-00C04F79EFBC}") = "Common.Database", "Common.Database\Common.Database.csproj", "{292CF59D-FE6C-44C9-8642-82C2136121C8}"
EndProject
Project("{FAE04EC0-301F-11D3-BF4B-00C04F79EFBC}") = "Regs.Database", "Regs.Database\Regs.Database.csproj", "{62822DE0-95CE-428E-8F77-4DD36264476D}"
EndProject
Project("{FAE04EC0-301F-11D3-BF4B-00C04F79EFBC}") = "Common", "Common\Common.csproj", "{9A57D379-56E1-4AA7-952C-FDBDBA167457}"
EndProject
Project("{FAE04EC0-301F-11D3-BF4B-00C04F79EFBC}") = "Regs.Api", "Regs.Api\Regs.Api.csproj", "{398E3599-55C9-4740-9B97-759D1B6A7ED4}"
EndProject
Project("{FAE04EC0-301F-11D3-BF4B-00C04F79EFBC}") = "Regs.Api.Tests", "Regs.Api.Tests\Regs.Api.Tests.csproj", "{17BF472E-74D5-4459-A73F-89C4D50BA4E0}"
EndProject
Project("{FAE04EC0-301F-11D3-BF4B-00C04F79EFBC}") = "Common.Api", "Common.Api\Common.Api.csproj", "{69BED796-4199-433E-BC42-E8D7406369D9}"
EndProject
Project("{FAE04EC0-301F-11D3-BF4B-00C04F79EFBC}") = "Docs.Api", "Docs.Api\Docs.Api.csproj", "{7CB724DD-0245-4368-A15E-AC2326A38C26}"
EndProject
Project("{FAE04EC0-301F-11D3-BF4B-00C04F79EFBC}") = "Gva.Api", "Gva.Api\Gva.Api.csproj", "{F9AFA12D-933E-4C98-B53A-92D603201EDA}"
EndProject
Project("{FAE04EC0-301F-11D3-BF4B-00C04F79EFBC}") = "Docs.Api.Tests", "Docs.Api.Tests\Docs.Api.Tests.csproj", "{C3A35BBC-F16D-4DAA-9563-B5FF57D5F821}"
EndProject
Project("{FAE04EC0-301F-11D3-BF4B-00C04F79EFBC}") = "Gva.MigrationTool", "Gva.MigrationTool\Gva.MigrationTool.csproj", "{F8CA1465-3C89-4C8C-9589-78B550E70FFC}"
EndProject
Project("{FAE04EC0-301F-11D3-BF4B-00C04F79EFBC}") = "Gva.AppCommunicator", "Gva.AppCommunicator\Gva.AppCommunicator.csproj", "{8F1DC873-C82F-49D6-BA4C-5BDF821A3165}"
EndProject
Project("{FAE04EC0-301F-11D3-BF4B-00C04F79EFBC}") = "Gva.DocCommunicator", "Gva.DocCommunicator\Gva.DocCommunicator.csproj", "{2EBB9EB5-CFDD-4624-B2F9-6915F37BCD37}"
EndProject
Project("{FAE04EC0-301F-11D3-BF4B-00C04F79EFBC}") = "Gva.Rio", "Gva.Rio\Gva.Rio.csproj", "{8238B367-2571-4D08-9A2A-5C99EC6B7811}"
EndProject
Project("{FAE04EC0-301F-11D3-BF4B-00C04F79EFBC}") = "Gva.Web.Host", "Gva.Web.Host\Gva.Web.Host.csproj", "{7C0DB346-630A-4D9D-8964-83690F7531E9}"
EndProject
Project("{FAE04EC0-301F-11D3-BF4B-00C04F79EFBC}") = "Gva.Web.App", "Gva.Web.App\Gva.Web.App.csproj", "{EDCE7607-AAAE-405A-B098-C6556AB182B5}"
EndProject
Project("{2150E333-8FDC-42A3-9474-1A3956D46DE8}") = "Gva", "Gva", "{5241DAEE-8063-4C1E-B356-C225A9D15BB8}"
EndProject
Project("{2150E333-8FDC-42A3-9474-1A3956D46DE8}") = "Docs", "Docs", "{EBE3F84E-A2C9-47A2-8A42-2B8A5B2F665A}"
EndProject
Project("{2150E333-8FDC-42A3-9474-1A3956D46DE8}") = "Regs", "Regs", "{4C454769-DAFD-4356-8937-F421D4B1FBE6}"
EndProject
Project("{2150E333-8FDC-42A3-9474-1A3956D46DE8}") = "Common", "Common", "{E343C9C5-D12C-4C39-81B6-D394AD5A0AA7}"
EndProject
Project("{FAE04EC0-301F-11D3-BF4B-00C04F79EFBC}") = "Gva.OrgMatchingTool", "Gva.OrgMatchingTool\Gva.OrgMatchingTool.csproj", "{67716446-0FCD-48C6-B8EE-E81AC56E1D77}"
EndProject
Project("{FAE04EC0-301F-11D3-BF4B-00C04F79EFBC}") = "OMR", "OMR\OMR.csproj", "{1050ED9C-5041-4AB6-9E77-99E940B479C8}"
EndProject
Project("{FAE04EC0-301F-11D3-BF4B-00C04F79EFBC}") = "Aop.Database", "Aop.Database\Aop.Database.csproj", "{CB84AEAB-D581-4896-B63B-830705F0015C}"
EndProject
Project("{FAE04EC0-301F-11D3-BF4B-00C04F79EFBC}") = "Aop.Api", "Aop.Api\Aop.Api.csproj", "{99F9F0DE-AF64-4EC7-8953-872F416CB28B}"
EndProject
Project("{2150E333-8FDC-42A3-9474-1A3956D46DE8}") = "Aop", "Aop", "{FFC1441B-C2C7-4C49-9474-BA442FE8CBED}"
EndProject
Project("{2150E333-8FDC-42A3-9474-1A3956D46DE8}") = "Mosv", "Mosv", "{C778D335-D403-4917-BA3C-07214A7505C4}"
EndProject
Project("{FAE04EC0-301F-11D3-BF4B-00C04F79EFBC}") = "Aop.Rio", "Aop.Rio\Aop.Rio.csproj", "{7EB20D95-CC3B-49E4-AFEE-1E496F745F65}"
EndProject
Project("{FAE04EC0-301F-11D3-BF4B-00C04F79EFBC}") = "Aop.Web.App", "Aop.Web.App\Aop.Web.App.csproj", "{3A44157E-1CF5-426A-9DD7-70B549E007D4}"
EndProject
Project("{FAE04EC0-301F-11D3-BF4B-00C04F79EFBC}") = "Mosv.Database", "Mosv.Database\Mosv.Database.csproj", "{070EE8CD-B733-4F87-96E0-D18D0949E06D}"
EndProject
Project("{FAE04EC0-301F-11D3-BF4B-00C04F79EFBC}") = "Aop.Web.Host", "Aop.Web.Host\Aop.Web.Host.csproj", "{620523B0-5DF0-4012-9816-520682823F59}"
EndProject
Project("{FAE04EC0-301F-11D3-BF4B-00C04F79EFBC}") = "Mosv.Api", "Mosv.Api\Mosv.Api.csproj", "{3F2AB89A-2FFC-41B4-8712-3B7D459B8FB2}"
EndProject
Project("{FAE04EC0-301F-11D3-BF4B-00C04F79EFBC}") = "Aop.AppCommunicator", "Aop.AppCommunicator\Aop.AppCommunicator.csproj", "{36842FCA-F5F1-4B46-BEA6-1195CD15729B}"
EndProject
Project("{FAE04EC0-301F-11D3-BF4B-00C04F79EFBC}") = "Mosv.Web.App", "Mosv.Web.App\Mosv.Web.App.csproj", "{A6858000-2FE8-4270-A737-CB239F48A25A}"
EndProject
Project("{FAE04EC0-301F-11D3-BF4B-00C04F79EFBC}") = "Aop.DocCommunicator", "Aop.DocCommunicator\Aop.DocCommunicator.csproj", "{A711625F-022F-4A92-A690-8EC31E541AA8}"
EndProject
Project("{FAE04EC0-301F-11D3-BF4B-00C04F79EFBC}") = "Mosv.Web.Host", "Mosv.Web.Host\Mosv.Web.Host.csproj", "{97567EA5-C8C1-4A28-A54D-4F1DE00178E5}"
EndProject
Project("{FAE04EC0-301F-11D3-BF4B-00C04F79EFBC}") = "Common.Web.App", "Common.Web.App\Common.Web.App.csproj", "{7B1D5FD5-1742-424D-9062-E894A32D201A}"
EndProject
Project("{2150E333-8FDC-42A3-9474-1A3956D46DE8}") = "gulp", "gulp", "{9DA24902-9037-437B-8E40-CCB8CECC6583}"
	ProjectSection(SolutionItems) = preProject
		gulp\globMultipleSync.js = gulp\globMultipleSync.js
		gulp\tasks.js = gulp\tasks.js
		gulp\utils.js = gulp\utils.js
	EndProjectSection
EndProject
Project("{FAE04EC0-301F-11D3-BF4B-00C04F79EFBC}") = "SigningTools", "SigningTools\SigningTools.csproj", "{8D76F798-54DD-4268-B514-ACC40E2F00A0}"
EndProject
Project("{FAE04EC0-301F-11D3-BF4B-00C04F79EFBC}") = "Mosv.AppCommunicator", "Mosv.AppCommunicator\Mosv.AppCommunicator.csproj", "{B08A3A07-5A85-49CA-80AA-1DBB8670B002}"
EndProject
Project("{FAE04EC0-301F-11D3-BF4B-00C04F79EFBC}") = "Mosv.DocCommunicator", "Mosv.DocCommunicator\Mosv.DocCommunicator.csproj", "{CC026229-3FFF-4AB3-8DFA-37A8ACB0E15F}"
EndProject
Project("{FAE04EC0-301F-11D3-BF4B-00C04F79EFBC}") = "Mosv.Rio", "Mosv.Rio\Mosv.Rio.csproj", "{4F45037E-FC90-4FD5-AD29-FEC3B6480C84}"
EndProject
Project("{2150E333-8FDC-42A3-9474-1A3956D46DE8}") = "Rio", "Rio", "{759A68C6-728C-4654-9E43-B6DC63C55D2F}"
EndProject
Project("{FAE04EC0-301F-11D3-BF4B-00C04F79EFBC}") = "Rio.XsdClassGenerator", "Rio.XsdClassGenerator\Rio.XsdClassGenerator.csproj", "{F279B46C-2964-4F3E-9F59-D1F15587F9BB}"
EndProject
Project("{FAE04EC0-301F-11D3-BF4B-00C04F79EFBC}") = "Rio.Objects", "Rio.Objects\Rio.Objects.csproj", "{41C9ED19-5E9C-4E89-8A4B-D73506D9FB6F}"
EndProject
Project("{FAE04EC0-301F-11D3-BF4B-00C04F79EFBC}") = "Rio.Data", "Rio.Data\Rio.Data.csproj", "{CE03CC29-D823-4E37-8C22-608FBED01848}"
EndProject
Project("{FAE04EC0-301F-11D3-BF4B-00C04F79EFBC}") = "Docs.SqlConfig", "Docs.SqlConfig\Docs.SqlConfig.csproj", "{A87F6BA2-AAEE-488E-8D6C-1B06B2719E34}"
EndProject
Project("{FAE04EC0-301F-11D3-BF4B-00C04F79EFBC}") = "Gva.FileMakerConverter", "Gva.FileMakerExporter\Gva.FileMakerConverter.csproj", "{DC44D769-7041-46D8-B481-73B1709F1546}"
EndProject
Global
	GlobalSection(SolutionConfigurationPlatforms) = preSolution
		Debug|Any CPU = Debug|Any CPU
		Release|Any CPU = Release|Any CPU
	EndGlobalSection
	GlobalSection(ProjectConfigurationPlatforms) = postSolution
		{6B3A2E0F-ED05-49A0-939A-BF5FAE11B160}.Debug|Any CPU.ActiveCfg = Debug|Any CPU
		{6B3A2E0F-ED05-49A0-939A-BF5FAE11B160}.Release|Any CPU.ActiveCfg = Release|Any CPU
		{3414421C-5290-4D7A-A4D1-6AC0CB817A9A}.Debug|Any CPU.ActiveCfg = Debug|Any CPU
		{3414421C-5290-4D7A-A4D1-6AC0CB817A9A}.Release|Any CPU.ActiveCfg = Release|Any CPU
		{292CF59D-FE6C-44C9-8642-82C2136121C8}.Debug|Any CPU.ActiveCfg = Debug|Any CPU
		{292CF59D-FE6C-44C9-8642-82C2136121C8}.Release|Any CPU.ActiveCfg = Release|Any CPU
		{62822DE0-95CE-428E-8F77-4DD36264476D}.Debug|Any CPU.ActiveCfg = Debug|Any CPU
		{62822DE0-95CE-428E-8F77-4DD36264476D}.Release|Any CPU.ActiveCfg = Release|Any CPU
		{62822DE0-95CE-428E-8F77-4DD36264476D}.Release|Any CPU.Build.0 = Release|Any CPU
		{9A57D379-56E1-4AA7-952C-FDBDBA167457}.Debug|Any CPU.ActiveCfg = Debug|Any CPU
		{9A57D379-56E1-4AA7-952C-FDBDBA167457}.Debug|Any CPU.Build.0 = Debug|Any CPU
		{9A57D379-56E1-4AA7-952C-FDBDBA167457}.Release|Any CPU.ActiveCfg = Release|Any CPU
		{9A57D379-56E1-4AA7-952C-FDBDBA167457}.Release|Any CPU.Build.0 = Release|Any CPU
		{398E3599-55C9-4740-9B97-759D1B6A7ED4}.Debug|Any CPU.ActiveCfg = Debug|Any CPU
		{398E3599-55C9-4740-9B97-759D1B6A7ED4}.Debug|Any CPU.Build.0 = Debug|Any CPU
		{398E3599-55C9-4740-9B97-759D1B6A7ED4}.Release|Any CPU.ActiveCfg = Release|Any CPU
		{398E3599-55C9-4740-9B97-759D1B6A7ED4}.Release|Any CPU.Build.0 = Release|Any CPU
		{17BF472E-74D5-4459-A73F-89C4D50BA4E0}.Debug|Any CPU.ActiveCfg = Debug|Any CPU
		{17BF472E-74D5-4459-A73F-89C4D50BA4E0}.Debug|Any CPU.Build.0 = Debug|Any CPU
		{17BF472E-74D5-4459-A73F-89C4D50BA4E0}.Release|Any CPU.ActiveCfg = Release|Any CPU
		{17BF472E-74D5-4459-A73F-89C4D50BA4E0}.Release|Any CPU.Build.0 = Release|Any CPU
		{69BED796-4199-433E-BC42-E8D7406369D9}.Debug|Any CPU.ActiveCfg = Debug|Any CPU
		{69BED796-4199-433E-BC42-E8D7406369D9}.Debug|Any CPU.Build.0 = Debug|Any CPU
		{69BED796-4199-433E-BC42-E8D7406369D9}.Release|Any CPU.ActiveCfg = Release|Any CPU
		{69BED796-4199-433E-BC42-E8D7406369D9}.Release|Any CPU.Build.0 = Release|Any CPU
		{7CB724DD-0245-4368-A15E-AC2326A38C26}.Debug|Any CPU.ActiveCfg = Debug|Any CPU
		{7CB724DD-0245-4368-A15E-AC2326A38C26}.Debug|Any CPU.Build.0 = Debug|Any CPU
		{7CB724DD-0245-4368-A15E-AC2326A38C26}.Release|Any CPU.ActiveCfg = Release|Any CPU
		{7CB724DD-0245-4368-A15E-AC2326A38C26}.Release|Any CPU.Build.0 = Release|Any CPU
		{F9AFA12D-933E-4C98-B53A-92D603201EDA}.Debug|Any CPU.ActiveCfg = Debug|Any CPU
		{F9AFA12D-933E-4C98-B53A-92D603201EDA}.Debug|Any CPU.Build.0 = Debug|Any CPU
		{F9AFA12D-933E-4C98-B53A-92D603201EDA}.Release|Any CPU.ActiveCfg = Release|Any CPU
		{F9AFA12D-933E-4C98-B53A-92D603201EDA}.Release|Any CPU.Build.0 = Release|Any CPU
		{C3A35BBC-F16D-4DAA-9563-B5FF57D5F821}.Debug|Any CPU.ActiveCfg = Debug|Any CPU
		{C3A35BBC-F16D-4DAA-9563-B5FF57D5F821}.Debug|Any CPU.Build.0 = Debug|Any CPU
		{C3A35BBC-F16D-4DAA-9563-B5FF57D5F821}.Release|Any CPU.ActiveCfg = Release|Any CPU
		{C3A35BBC-F16D-4DAA-9563-B5FF57D5F821}.Release|Any CPU.Build.0 = Release|Any CPU
		{F8CA1465-3C89-4C8C-9589-78B550E70FFC}.Debug|Any CPU.ActiveCfg = Debug|Any CPU
		{F8CA1465-3C89-4C8C-9589-78B550E70FFC}.Release|Any CPU.ActiveCfg = Release|Any CPU
		{8F1DC873-C82F-49D6-BA4C-5BDF821A3165}.Debug|Any CPU.ActiveCfg = Debug|Any CPU
		{8F1DC873-C82F-49D6-BA4C-5BDF821A3165}.Debug|Any CPU.Build.0 = Debug|Any CPU
		{8F1DC873-C82F-49D6-BA4C-5BDF821A3165}.Release|Any CPU.ActiveCfg = Release|Any CPU
		{8F1DC873-C82F-49D6-BA4C-5BDF821A3165}.Release|Any CPU.Build.0 = Release|Any CPU
		{2EBB9EB5-CFDD-4624-B2F9-6915F37BCD37}.Debug|Any CPU.ActiveCfg = Debug|Any CPU
		{2EBB9EB5-CFDD-4624-B2F9-6915F37BCD37}.Debug|Any CPU.Build.0 = Debug|Any CPU
		{2EBB9EB5-CFDD-4624-B2F9-6915F37BCD37}.Release|Any CPU.ActiveCfg = Release|Any CPU
		{2EBB9EB5-CFDD-4624-B2F9-6915F37BCD37}.Release|Any CPU.Build.0 = Release|Any CPU
		{8238B367-2571-4D08-9A2A-5C99EC6B7811}.Debug|Any CPU.ActiveCfg = Debug|Any CPU
		{8238B367-2571-4D08-9A2A-5C99EC6B7811}.Debug|Any CPU.Build.0 = Debug|Any CPU
		{8238B367-2571-4D08-9A2A-5C99EC6B7811}.Release|Any CPU.ActiveCfg = Release|Any CPU
		{8238B367-2571-4D08-9A2A-5C99EC6B7811}.Release|Any CPU.Build.0 = Release|Any CPU
		{7C0DB346-630A-4D9D-8964-83690F7531E9}.Debug|Any CPU.ActiveCfg = Debug|Any CPU
		{7C0DB346-630A-4D9D-8964-83690F7531E9}.Debug|Any CPU.Build.0 = Debug|Any CPU
		{7C0DB346-630A-4D9D-8964-83690F7531E9}.Release|Any CPU.ActiveCfg = Release|Any CPU
		{7C0DB346-630A-4D9D-8964-83690F7531E9}.Release|Any CPU.Build.0 = Release|Any CPU
		{EDCE7607-AAAE-405A-B098-C6556AB182B5}.Debug|Any CPU.ActiveCfg = Debug|Any CPU
		{EDCE7607-AAAE-405A-B098-C6556AB182B5}.Debug|Any CPU.Build.0 = Debug|Any CPU
		{EDCE7607-AAAE-405A-B098-C6556AB182B5}.Release|Any CPU.ActiveCfg = Release|Any CPU
		{EDCE7607-AAAE-405A-B098-C6556AB182B5}.Release|Any CPU.Build.0 = Release|Any CPU
		{67716446-0FCD-48C6-B8EE-E81AC56E1D77}.Debug|Any CPU.ActiveCfg = Debug|Any CPU
		{67716446-0FCD-48C6-B8EE-E81AC56E1D77}.Release|Any CPU.ActiveCfg = Release|Any CPU
		{1050ED9C-5041-4AB6-9E77-99E940B479C8}.Debug|Any CPU.ActiveCfg = Debug|Any CPU
		{1050ED9C-5041-4AB6-9E77-99E940B479C8}.Debug|Any CPU.Build.0 = Debug|Any CPU
		{1050ED9C-5041-4AB6-9E77-99E940B479C8}.Release|Any CPU.ActiveCfg = Release|Any CPU
		{1050ED9C-5041-4AB6-9E77-99E940B479C8}.Release|Any CPU.Build.0 = Release|Any CPU
		{CB84AEAB-D581-4896-B63B-830705F0015C}.Debug|Any CPU.ActiveCfg = Debug|Any CPU
		{CB84AEAB-D581-4896-B63B-830705F0015C}.Debug|Any CPU.Build.0 = Debug|Any CPU
		{CB84AEAB-D581-4896-B63B-830705F0015C}.Release|Any CPU.ActiveCfg = Release|Any CPU
		{CB84AEAB-D581-4896-B63B-830705F0015C}.Release|Any CPU.Build.0 = Release|Any CPU
		{99F9F0DE-AF64-4EC7-8953-872F416CB28B}.Debug|Any CPU.ActiveCfg = Debug|Any CPU
		{99F9F0DE-AF64-4EC7-8953-872F416CB28B}.Debug|Any CPU.Build.0 = Debug|Any CPU
		{99F9F0DE-AF64-4EC7-8953-872F416CB28B}.Release|Any CPU.ActiveCfg = Release|Any CPU
		{99F9F0DE-AF64-4EC7-8953-872F416CB28B}.Release|Any CPU.Build.0 = Release|Any CPU
		{7EB20D95-CC3B-49E4-AFEE-1E496F745F65}.Debug|Any CPU.ActiveCfg = Debug|Any CPU
		{7EB20D95-CC3B-49E4-AFEE-1E496F745F65}.Debug|Any CPU.Build.0 = Debug|Any CPU
		{7EB20D95-CC3B-49E4-AFEE-1E496F745F65}.Release|Any CPU.ActiveCfg = Release|Any CPU
		{7EB20D95-CC3B-49E4-AFEE-1E496F745F65}.Release|Any CPU.Build.0 = Release|Any CPU
		{3A44157E-1CF5-426A-9DD7-70B549E007D4}.Debug|Any CPU.ActiveCfg = Debug|Any CPU
		{3A44157E-1CF5-426A-9DD7-70B549E007D4}.Debug|Any CPU.Build.0 = Debug|Any CPU
		{3A44157E-1CF5-426A-9DD7-70B549E007D4}.Release|Any CPU.ActiveCfg = Release|Any CPU
		{3A44157E-1CF5-426A-9DD7-70B549E007D4}.Release|Any CPU.Build.0 = Release|Any CPU
		{070EE8CD-B733-4F87-96E0-D18D0949E06D}.Debug|Any CPU.ActiveCfg = Debug|Any CPU
		{070EE8CD-B733-4F87-96E0-D18D0949E06D}.Debug|Any CPU.Build.0 = Debug|Any CPU
		{070EE8CD-B733-4F87-96E0-D18D0949E06D}.Release|Any CPU.ActiveCfg = Release|Any CPU
		{070EE8CD-B733-4F87-96E0-D18D0949E06D}.Release|Any CPU.Build.0 = Release|Any CPU
		{620523B0-5DF0-4012-9816-520682823F59}.Debug|Any CPU.ActiveCfg = Debug|Any CPU
		{620523B0-5DF0-4012-9816-520682823F59}.Debug|Any CPU.Build.0 = Debug|Any CPU
		{620523B0-5DF0-4012-9816-520682823F59}.Release|Any CPU.ActiveCfg = Release|Any CPU
		{620523B0-5DF0-4012-9816-520682823F59}.Release|Any CPU.Build.0 = Release|Any CPU
		{3F2AB89A-2FFC-41B4-8712-3B7D459B8FB2}.Debug|Any CPU.ActiveCfg = Debug|Any CPU
		{3F2AB89A-2FFC-41B4-8712-3B7D459B8FB2}.Debug|Any CPU.Build.0 = Debug|Any CPU
		{3F2AB89A-2FFC-41B4-8712-3B7D459B8FB2}.Release|Any CPU.ActiveCfg = Release|Any CPU
		{3F2AB89A-2FFC-41B4-8712-3B7D459B8FB2}.Release|Any CPU.Build.0 = Release|Any CPU
		{36842FCA-F5F1-4B46-BEA6-1195CD15729B}.Debug|Any CPU.ActiveCfg = Debug|Any CPU
		{36842FCA-F5F1-4B46-BEA6-1195CD15729B}.Debug|Any CPU.Build.0 = Debug|Any CPU
		{36842FCA-F5F1-4B46-BEA6-1195CD15729B}.Release|Any CPU.ActiveCfg = Release|Any CPU
		{36842FCA-F5F1-4B46-BEA6-1195CD15729B}.Release|Any CPU.Build.0 = Release|Any CPU
		{A6858000-2FE8-4270-A737-CB239F48A25A}.Debug|Any CPU.ActiveCfg = Debug|Any CPU
		{A6858000-2FE8-4270-A737-CB239F48A25A}.Debug|Any CPU.Build.0 = Debug|Any CPU
		{A6858000-2FE8-4270-A737-CB239F48A25A}.Release|Any CPU.ActiveCfg = Release|Any CPU
		{A6858000-2FE8-4270-A737-CB239F48A25A}.Release|Any CPU.Build.0 = Release|Any CPU
		{A711625F-022F-4A92-A690-8EC31E541AA8}.Debug|Any CPU.ActiveCfg = Debug|Any CPU
		{A711625F-022F-4A92-A690-8EC31E541AA8}.Debug|Any CPU.Build.0 = Debug|Any CPU
		{A711625F-022F-4A92-A690-8EC31E541AA8}.Release|Any CPU.ActiveCfg = Release|Any CPU
		{A711625F-022F-4A92-A690-8EC31E541AA8}.Release|Any CPU.Build.0 = Release|Any CPU
		{97567EA5-C8C1-4A28-A54D-4F1DE00178E5}.Debug|Any CPU.ActiveCfg = Debug|Any CPU
		{97567EA5-C8C1-4A28-A54D-4F1DE00178E5}.Debug|Any CPU.Build.0 = Debug|Any CPU
		{97567EA5-C8C1-4A28-A54D-4F1DE00178E5}.Release|Any CPU.ActiveCfg = Release|Any CPU
		{97567EA5-C8C1-4A28-A54D-4F1DE00178E5}.Release|Any CPU.Build.0 = Release|Any CPU
		{7B1D5FD5-1742-424D-9062-E894A32D201A}.Debug|Any CPU.ActiveCfg = Debug|Any CPU
		{7B1D5FD5-1742-424D-9062-E894A32D201A}.Debug|Any CPU.Build.0 = Debug|Any CPU
		{7B1D5FD5-1742-424D-9062-E894A32D201A}.Release|Any CPU.ActiveCfg = Release|Any CPU
		{7B1D5FD5-1742-424D-9062-E894A32D201A}.Release|Any CPU.Build.0 = Release|Any CPU
		{8D76F798-54DD-4268-B514-ACC40E2F00A0}.Debug|Any CPU.ActiveCfg = Debug|Any CPU
		{8D76F798-54DD-4268-B514-ACC40E2F00A0}.Debug|Any CPU.Build.0 = Debug|Any CPU
		{8D76F798-54DD-4268-B514-ACC40E2F00A0}.Release|Any CPU.ActiveCfg = Release|Any CPU
		{8D76F798-54DD-4268-B514-ACC40E2F00A0}.Release|Any CPU.Build.0 = Release|Any CPU
		{B08A3A07-5A85-49CA-80AA-1DBB8670B002}.Debug|Any CPU.ActiveCfg = Debug|Any CPU
		{B08A3A07-5A85-49CA-80AA-1DBB8670B002}.Debug|Any CPU.Build.0 = Debug|Any CPU
		{B08A3A07-5A85-49CA-80AA-1DBB8670B002}.Release|Any CPU.ActiveCfg = Release|Any CPU
		{B08A3A07-5A85-49CA-80AA-1DBB8670B002}.Release|Any CPU.Build.0 = Release|Any CPU
		{CC026229-3FFF-4AB3-8DFA-37A8ACB0E15F}.Debug|Any CPU.ActiveCfg = Debug|Any CPU
		{CC026229-3FFF-4AB3-8DFA-37A8ACB0E15F}.Debug|Any CPU.Build.0 = Debug|Any CPU
		{CC026229-3FFF-4AB3-8DFA-37A8ACB0E15F}.Release|Any CPU.ActiveCfg = Release|Any CPU
		{CC026229-3FFF-4AB3-8DFA-37A8ACB0E15F}.Release|Any CPU.Build.0 = Release|Any CPU
		{4F45037E-FC90-4FD5-AD29-FEC3B6480C84}.Debug|Any CPU.ActiveCfg = Debug|Any CPU
		{4F45037E-FC90-4FD5-AD29-FEC3B6480C84}.Debug|Any CPU.Build.0 = Debug|Any CPU
		{4F45037E-FC90-4FD5-AD29-FEC3B6480C84}.Release|Any CPU.ActiveCfg = Release|Any CPU
		{4F45037E-FC90-4FD5-AD29-FEC3B6480C84}.Release|Any CPU.Build.0 = Release|Any CPU
		{F279B46C-2964-4F3E-9F59-D1F15587F9BB}.Debug|Any CPU.ActiveCfg = Debug|Any CPU
		{F279B46C-2964-4F3E-9F59-D1F15587F9BB}.Debug|Any CPU.Build.0 = Debug|Any CPU
		{F279B46C-2964-4F3E-9F59-D1F15587F9BB}.Release|Any CPU.ActiveCfg = Release|Any CPU
		{F279B46C-2964-4F3E-9F59-D1F15587F9BB}.Release|Any CPU.Build.0 = Release|Any CPU
		{41C9ED19-5E9C-4E89-8A4B-D73506D9FB6F}.Debug|Any CPU.ActiveCfg = Debug|Any CPU
		{41C9ED19-5E9C-4E89-8A4B-D73506D9FB6F}.Debug|Any CPU.Build.0 = Debug|Any CPU
		{41C9ED19-5E9C-4E89-8A4B-D73506D9FB6F}.Release|Any CPU.ActiveCfg = Release|Any CPU
		{41C9ED19-5E9C-4E89-8A4B-D73506D9FB6F}.Release|Any CPU.Build.0 = Release|Any CPU
		{CE03CC29-D823-4E37-8C22-608FBED01848}.Debug|Any CPU.ActiveCfg = Debug|Any CPU
		{CE03CC29-D823-4E37-8C22-608FBED01848}.Debug|Any CPU.Build.0 = Debug|Any CPU
		{CE03CC29-D823-4E37-8C22-608FBED01848}.Release|Any CPU.ActiveCfg = Release|Any CPU
		{CE03CC29-D823-4E37-8C22-608FBED01848}.Release|Any CPU.Build.0 = Release|Any CPU
		{A87F6BA2-AAEE-488E-8D6C-1B06B2719E34}.Debug|Any CPU.ActiveCfg = Debug|Any CPU
		{A87F6BA2-AAEE-488E-8D6C-1B06B2719E34}.Debug|Any CPU.Build.0 = Debug|Any CPU
		{A87F6BA2-AAEE-488E-8D6C-1B06B2719E34}.Release|Any CPU.ActiveCfg = Release|Any CPU
		{A87F6BA2-AAEE-488E-8D6C-1B06B2719E34}.Release|Any CPU.Build.0 = Release|Any CPU
		{DC44D769-7041-46D8-B481-73B1709F1546}.Debug|Any CPU.ActiveCfg = Debug|Any CPU
		{DC44D769-7041-46D8-B481-73B1709F1546}.Debug|Any CPU.Build.0 = Debug|Any CPU
		{DC44D769-7041-46D8-B481-73B1709F1546}.Release|Any CPU.ActiveCfg = Release|Any CPU
		{DC44D769-7041-46D8-B481-73B1709F1546}.Release|Any CPU.Build.0 = Release|Any CPU
	EndGlobalSection
	GlobalSection(SolutionProperties) = preSolution
		HideSolutionNode = FALSE
	EndGlobalSection
	GlobalSection(NestedProjects) = preSolution
		{F9AFA12D-933E-4C98-B53A-92D603201EDA} = {5241DAEE-8063-4C1E-B356-C225A9D15BB8}
		{F8CA1465-3C89-4C8C-9589-78B550E70FFC} = {5241DAEE-8063-4C1E-B356-C225A9D15BB8}
		{8F1DC873-C82F-49D6-BA4C-5BDF821A3165} = {5241DAEE-8063-4C1E-B356-C225A9D15BB8}
		{2EBB9EB5-CFDD-4624-B2F9-6915F37BCD37} = {5241DAEE-8063-4C1E-B356-C225A9D15BB8}
		{8238B367-2571-4D08-9A2A-5C99EC6B7811} = {5241DAEE-8063-4C1E-B356-C225A9D15BB8}
		{7C0DB346-630A-4D9D-8964-83690F7531E9} = {5241DAEE-8063-4C1E-B356-C225A9D15BB8}
		{EDCE7607-AAAE-405A-B098-C6556AB182B5} = {5241DAEE-8063-4C1E-B356-C225A9D15BB8}
		{6B3A2E0F-ED05-49A0-939A-BF5FAE11B160} = {5241DAEE-8063-4C1E-B356-C225A9D15BB8}
		{67716446-0FCD-48C6-B8EE-E81AC56E1D77} = {5241DAEE-8063-4C1E-B356-C225A9D15BB8}
		{DC44D769-7041-46D8-B481-73B1709F1546} = {5241DAEE-8063-4C1E-B356-C225A9D15BB8}
		{7CB724DD-0245-4368-A15E-AC2326A38C26} = {EBE3F84E-A2C9-47A2-8A42-2B8A5B2F665A}
		{C3A35BBC-F16D-4DAA-9563-B5FF57D5F821} = {EBE3F84E-A2C9-47A2-8A42-2B8A5B2F665A}
		{3414421C-5290-4D7A-A4D1-6AC0CB817A9A} = {EBE3F84E-A2C9-47A2-8A42-2B8A5B2F665A}
		{A87F6BA2-AAEE-488E-8D6C-1B06B2719E34} = {EBE3F84E-A2C9-47A2-8A42-2B8A5B2F665A}
		{9A57D379-56E1-4AA7-952C-FDBDBA167457} = {E343C9C5-D12C-4C39-81B6-D394AD5A0AA7}
		{69BED796-4199-433E-BC42-E8D7406369D9} = {E343C9C5-D12C-4C39-81B6-D394AD5A0AA7}
		{292CF59D-FE6C-44C9-8642-82C2136121C8} = {E343C9C5-D12C-4C39-81B6-D394AD5A0AA7}
		{1050ED9C-5041-4AB6-9E77-99E940B479C8} = {E343C9C5-D12C-4C39-81B6-D394AD5A0AA7}
		{7B1D5FD5-1742-424D-9062-E894A32D201A} = {E343C9C5-D12C-4C39-81B6-D394AD5A0AA7}
		{9DA24902-9037-437B-8E40-CCB8CECC6583} = {E343C9C5-D12C-4C39-81B6-D394AD5A0AA7}
		{8D76F798-54DD-4268-B514-ACC40E2F00A0} = {E343C9C5-D12C-4C39-81B6-D394AD5A0AA7}
		{398E3599-55C9-4740-9B97-759D1B6A7ED4} = {4C454769-DAFD-4356-8937-F421D4B1FBE6}
		{17BF472E-74D5-4459-A73F-89C4D50BA4E0} = {4C454769-DAFD-4356-8937-F421D4B1FBE6}
		{62822DE0-95CE-428E-8F77-4DD36264476D} = {4C454769-DAFD-4356-8937-F421D4B1FBE6}
		{99F9F0DE-AF64-4EC7-8953-872F416CB28B} = {FFC1441B-C2C7-4C49-9474-BA442FE8CBED}
		{CB84AEAB-D581-4896-B63B-830705F0015C} = {FFC1441B-C2C7-4C49-9474-BA442FE8CBED}
		{7EB20D95-CC3B-49E4-AFEE-1E496F745F65} = {FFC1441B-C2C7-4C49-9474-BA442FE8CBED}
		{3A44157E-1CF5-426A-9DD7-70B549E007D4} = {FFC1441B-C2C7-4C49-9474-BA442FE8CBED}
		{620523B0-5DF0-4012-9816-520682823F59} = {FFC1441B-C2C7-4C49-9474-BA442FE8CBED}
		{36842FCA-F5F1-4B46-BEA6-1195CD15729B} = {FFC1441B-C2C7-4C49-9474-BA442FE8CBED}
		{A711625F-022F-4A92-A690-8EC31E541AA8} = {FFC1441B-C2C7-4C49-9474-BA442FE8CBED}
		{070EE8CD-B733-4F87-96E0-D18D0949E06D} = {C778D335-D403-4917-BA3C-07214A7505C4}
		{3F2AB89A-2FFC-41B4-8712-3B7D459B8FB2} = {C778D335-D403-4917-BA3C-07214A7505C4}
		{A6858000-2FE8-4270-A737-CB239F48A25A} = {C778D335-D403-4917-BA3C-07214A7505C4}
		{97567EA5-C8C1-4A28-A54D-4F1DE00178E5} = {C778D335-D403-4917-BA3C-07214A7505C4}
		{B08A3A07-5A85-49CA-80AA-1DBB8670B002} = {C778D335-D403-4917-BA3C-07214A7505C4}
		{CC026229-3FFF-4AB3-8DFA-37A8ACB0E15F} = {C778D335-D403-4917-BA3C-07214A7505C4}
		{4F45037E-FC90-4FD5-AD29-FEC3B6480C84} = {C778D335-D403-4917-BA3C-07214A7505C4}
		{F279B46C-2964-4F3E-9F59-D1F15587F9BB} = {759A68C6-728C-4654-9E43-B6DC63C55D2F}
		{41C9ED19-5E9C-4E89-8A4B-D73506D9FB6F} = {759A68C6-728C-4654-9E43-B6DC63C55D2F}
		{CE03CC29-D823-4E37-8C22-608FBED01848} = {759A68C6-728C-4654-9E43-B6DC63C55D2F}
	EndGlobalSection
EndGlobal
